{
  "requires": true,
  "lockfileVersion": 1,
  "dependencies": {
    "ws": {
      "version": "7.2.3",
      "resolved": "https://registry.npmjs.org/ws/-/ws-7.2.3.tgz",
      "integrity": "sha512-HTDl9G9hbkNDk98naoR/cHDws7+EyYMOdL1BmjsZXRUjf7d+MficC4B7HLUPlSiho0vg+CWKrGIt/VJBd1xunQ=="
    },
    "zrender": {
      "version": "4.2.0",
      "resolved": "https://registry.npmjs.org/zrender/-/zrender-4.2.0.tgz",
      "integrity": "sha512-YJ9hxt5uFincYYU3KK31+Ce+B6PJmYYK0Q9fQ6jOUAoC/VHbe4kCKAPkxKeT7jGTxrK5wYu18R0TLGqj2zbEOA=="
    }
  }
}
